// !$*UTF8*$!
{
	archiveVersion = 1;
	classes = {
	};
	objectVersion = 56;
	objects = {

/* Begin PBXBuildFile section */
		5B9B92DE2A97D1B500CD4BE4 /* LocationPreviewView.swift in Sources */ = {isa = PBXBuildFile; fileRef = 5B9B92DD2A97D1B500CD4BE4 /* LocationPreviewView.swift */; };
		5B9B92E02A97E6B000CD4BE4 /* LocationMapAnnotationView.swift in Sources */ = {isa = PBXBuildFile; fileRef = 5B9B92DF2A97E6B000CD4BE4 /* LocationMapAnnotationView.swift */; };
		5B9B92E22A97F0C100CD4BE4 /* LocationDetailView.swift in Sources */ = {isa = PBXBuildFile; fileRef = 5B9B92E12A97F0C100CD4BE4 /* LocationDetailView.swift */; };
		5B9BA3812A9698F5007CD269 /* LocationsListView.swift in Sources */ = {isa = PBXBuildFile; fileRef = 5B9BA3802A9698F5007CD269 /* LocationsListView.swift */; };
		5B9C4EF42A9624F0006BA602 /* SwiftuiMapAppApp.swift in Sources */ = {isa = PBXBuildFile; fileRef = 5B9C4EF32A9624F0006BA602 /* SwiftuiMapAppApp.swift */; };
		5B9C4EF62A9624F0006BA602 /* ContentView.swift in Sources */ = {isa = PBXBuildFile; fileRef = 5B9C4EF52A9624F0006BA602 /* ContentView.swift */; };
		5B9C4EFB2A9624F2006BA602 /* Preview Assets.xcassets in Resources */ = {isa = PBXBuildFile; fileRef = 5B9C4EFA2A9624F2006BA602 /* Preview Assets.xcassets */; };
		5B9C4F022A962555006BA602 /* Assets.xcassets in Resources */ = {isa = PBXBuildFile; fileRef = 5B9C4F012A962555006BA602 /* Assets.xcassets */; };
		5B9C4F082A9625C6006BA602 /* Location.swift in Sources */ = {isa = PBXBuildFile; fileRef = 5B9C4F072A9625C6006BA602 /* Location.swift */; };
		5B9C4F0C2A962897006BA602 /* LocationsViewModel.swift in Sources */ = {isa = PBXBuildFile; fileRef = 5B9C4F0B2A962897006BA602 /* LocationsViewModel.swift */; };
		5B9C4F0E2A96291B006BA602 /* LocationsData.swift in Sources */ = {isa = PBXBuildFile; fileRef = 5B9C4F0D2A96291B006BA602 /* LocationsData.swift */; };
		5B9C4F102A962979006BA602 /* LocationsView.swift in Sources */ = {isa = PBXBuildFile; fileRef = 5B9C4F0F2A962979006BA602 /* LocationsView.swift */; };
/* End PBXBuildFile section */

/* Begin PBXFileReference section */
		5B9B92DD2A97D1B500CD4BE4 /* LocationPreviewView.swift */ = {isa = PBXFileReference; lastKnownFileType = sourcecode.swift; path = LocationPreviewView.swift; sourceTree = "<group>"; };
		5B9B92DF2A97E6B000CD4BE4 /* LocationMapAnnotationView.swift */ = {isa = PBXFileReference; lastKnownFileType = sourcecode.swift; path = LocationMapAnnotationView.swift; sourceTree = "<group>"; };
		5B9B92E12A97F0C100CD4BE4 /* LocationDetailView.swift */ = {isa = PBXFileReference; lastKnownFileType = sourcecode.swift; path = LocationDetailView.swift; sourceTree = "<group>"; };
		5B9B92E32A97FE2C00CD4BE4 /* Info.plist */ = {isa = PBXFileReference; lastKnownFileType = text.plist; path = Info.plist; sourceTree = "<group>"; };
		5B9BA3802A9698F5007CD269 /* LocationsListView.swift */ = {isa = PBXFileReference; lastKnownFileType = sourcecode.swift; path = LocationsListView.swift; sourceTree = "<group>"; };
		5B9C4EF02A9624F0006BA602 /* SwiftuiMapApp.app */ = {isa = PBXFileReference; explicitFileType = wrapper.application; includeInIndex = 0; path = SwiftuiMapApp.app; sourceTree = BUILT_PRODUCTS_DIR; };
		5B9C4EF32A9624F0006BA602 /* SwiftuiMapAppApp.swift */ = {isa = PBXFileReference; lastKnownFileType = sourcecode.swift; path = SwiftuiMapAppApp.swift; sourceTree = "<group>"; };
		5B9C4EF52A9624F0006BA602 /* ContentView.swift */ = {isa = PBXFileReference; lastKnownFileType = sourcecode.swift; path = ContentView.swift; sourceTree = "<group>"; };
		5B9C4EFA2A9624F2006BA602 /* Preview Assets.xcassets */ = {isa = PBXFileReference; lastKnownFileType = folder.assetcatalog; path = "Preview Assets.xcassets"; sourceTree = "<group>"; };
		5B9C4F012A962555006BA602 /* Assets.xcassets */ = {isa = PBXFileReference; lastKnownFileType = folder.assetcatalog; name = Assets.xcassets; path = "../../../../Downloads/b6dc374-3b0b-6bdc-3b7f-f7ce4c005a_SwiftfulMapApp-Downloads (1)/Assets.xcassets"; sourceTree = "<group>"; };
		5B9C4F072A9625C6006BA602 /* Location.swift */ = {isa = PBXFileReference; lastKnownFileType = sourcecode.swift; path = Location.swift; sourceTree = "<group>"; };
		5B9C4F0B2A962897006BA602 /* LocationsViewModel.swift */ = {isa = PBXFileReference; lastKnownFileType = sourcecode.swift; path = LocationsViewModel.swift; sourceTree = "<group>"; };
		5B9C4F0D2A96291B006BA602 /* LocationsData.swift */ = {isa = PBXFileReference; lastKnownFileType = sourcecode.swift; path = LocationsData.swift; sourceTree = "<group>"; };
		5B9C4F0F2A962979006BA602 /* LocationsView.swift */ = {isa = PBXFileReference; lastKnownFileType = sourcecode.swift; path = LocationsView.swift; sourceTree = "<group>"; };
/* End PBXFileReference section */

/* Begin PBXFrameworksBuildPhase section */
		5B9C4EED2A9624F0006BA602 /* Frameworks */ = {
			isa = PBXFrameworksBuildPhase;
			buildActionMask = 2147483647;
			files = (
			);
			runOnlyForDeploymentPostprocessing = 0;
		};
/* End PBXFrameworksBuildPhase section */

/* Begin PBXGroup section */
		5B9C4EE72A9624F0006BA602 = {
			isa = PBXGroup;
			children = (
				5B9C4EF22A9624F0006BA602 /* SwiftuiMapApp */,
				5B9C4EF12A9624F0006BA602 /* Products */,
			);
			sourceTree = "<group>";
		};
		5B9C4EF12A9624F0006BA602 /* Products */ = {
			isa = PBXGroup;
			children = (
				5B9C4EF02A9624F0006BA602 /* SwiftuiMapApp.app */,
			);
			name = Products;
			sourceTree = "<group>";
		};
		5B9C4EF22A9624F0006BA602 /* SwiftuiMapApp */ = {
			isa = PBXGroup;
			children = (
				5B9B92E32A97FE2C00CD4BE4 /* Info.plist */,
				5B9C4F092A962650006BA602 /* Views */,
				5B9C4F0A2A962659006BA602 /* ViewModels */,
				5B9C4F062A9625B7006BA602 /* Models */,
				5B9C4F032A962560006BA602 /* Data */,
				5B9C4EF32A9624F0006BA602 /* SwiftuiMapAppApp.swift */,
				5B9C4EF52A9624F0006BA602 /* ContentView.swift */,
				5B9C4F012A962555006BA602 /* Assets.xcassets */,
				5B9C4EF92A9624F2006BA602 /* Preview Content */,
			);
			path = SwiftuiMapApp;
			sourceTree = "<group>";
		};
		5B9C4EF92A9624F2006BA602 /* Preview Content */ = {
			isa = PBXGroup;
			children = (
				5B9C4EFA2A9624F2006BA602 /* Preview Assets.xcassets */,
			);
			path = "Preview Content";
			sourceTree = "<group>";
		};
		5B9C4F032A962560006BA602 /* Data */ = {
			isa = PBXGroup;
			children = (
				5B9C4F0D2A96291B006BA602 /* LocationsData.swift */,
			);
			path = Data;
			sourceTree = "<group>";
		};
		5B9C4F062A9625B7006BA602 /* Models */ = {
			isa = PBXGroup;
			children = (
				5B9C4F072A9625C6006BA602 /* Location.swift */,
			);
			path = Models;
			sourceTree = "<group>";
		};
		5B9C4F092A962650006BA602 /* Views */ = {
			isa = PBXGroup;
			children = (
				5B9C4F0F2A962979006BA602 /* LocationsView.swift */,
				5B9BA3802A9698F5007CD269 /* LocationsListView.swift */,
				5B9B92DD2A97D1B500CD4BE4 /* LocationPreviewView.swift */,
				5B9B92DF2A97E6B000CD4BE4 /* LocationMapAnnotationView.swift */,
				5B9B92E12A97F0C100CD4BE4 /* LocationDetailView.swift */,
			);
			path = Views;
			sourceTree = "<group>";
		};
		5B9C4F0A2A962659006BA602 /* ViewModels */ = {
			isa = PBXGroup;
			children = (
				5B9C4F0B2A962897006BA602 /* LocationsViewModel.swift */,
			);
			path = ViewModels;
			sourceTree = "<group>";
		};
/* End PBXGroup section */

/* Begin PBXNativeTarget section */
		5B9C4EEF2A9624F0006BA602 /* SwiftuiMapApp */ = {
			isa = PBXNativeTarget;
			buildConfigurationList = 5B9C4EFE2A9624F2006BA602 /* Build configuration list for PBXNativeTarget "SwiftuiMapApp" */;
			buildPhases = (
				5B9C4EEC2A9624F0006BA602 /* Sources */,
				5B9C4EED2A9624F0006BA602 /* Frameworks */,
				5B9C4EEE2A9624F0006BA602 /* Resources */,
			);
			buildRules = (
			);
			dependencies = (
			);
			name = SwiftuiMapApp;
			productName = SwiftuiMapApp;
			productReference = 5B9C4EF02A9624F0006BA602 /* SwiftuiMapApp.app */;
			productType = "com.apple.product-type.application";
		};
/* End PBXNativeTarget section */

/* Begin PBXProject section */
		5B9C4EE82A9624F0006BA602 /* Project object */ = {
			isa = PBXProject;
			attributes = {
				BuildIndependentTargetsInParallel = 1;
				LastSwiftUpdateCheck = 1420;
				LastUpgradeCheck = 1420;
				TargetAttributes = {
					5B9C4EEF2A9624F0006BA602 = {
						CreatedOnToolsVersion = 14.2;
					};
				};
			};
			buildConfigurationList = 5B9C4EEB2A9624F0006BA602 /* Build configuration list for PBXProject "SwiftuiMapApp" */;
			compatibilityVersion = "Xcode 14.0";
			developmentRegion = en;
			hasScannedForEncodings = 0;
			knownRegions = (
				en,
				Base,
			);
			mainGroup = 5B9C4EE72A9624F0006BA602;
			productRefGroup = 5B9C4EF12A9624F0006BA602 /* Products */;
			projectDirPath = "";
			projectRoot = "";
			targets = (
				5B9C4EEF2A9624F0006BA602 /* SwiftuiMapApp */,
			);
		};
/* End PBXProject section */

/* Begin PBXResourcesBuildPhase section */
		5B9C4EEE2A9624F0006BA602 /* Resources */ = {
			isa = PBXResourcesBuildPhase;
			buildActionMask = 2147483647;
			files = (
				5B9C4F022A962555006BA602 /* Assets.xcassets in Resources */,
				5B9C4EFB2A9624F2006BA602 /* Preview Assets.xcassets in Resources */,
			);
			runOnlyForDeploymentPostprocessing = 0;
		};
/* End PBXResourcesBuildPhase section */

/* Begin PBXSourcesBuildPhase section */
		5B9C4EEC2A9624F0006BA602 /* Sources */ = {
			isa = PBXSourcesBuildPhase;
			buildActionMask = 2147483647;
			files = (
				5B9C4EF62A9624F0006BA602 /* ContentView.swift in Sources */,
				5B9B92E02A97E6B000CD4BE4 /* LocationMapAnnotationView.swift in Sources */,
				5B9BA3812A9698F5007CD269 /* LocationsListView.swift in Sources */,
				5B9B92DE2A97D1B500CD4BE4 /* LocationPreviewView.swift in Sources */,
				5B9C4EF42A9624F0006BA602 /* SwiftuiMapAppApp.swift in Sources */,
				5B9C4F0E2A96291B006BA602 /* LocationsData.swift in Sources */,
				5B9C4F102A962979006BA602 /* LocationsView.swift in Sources */,
				5B9C4F082A9625C6006BA602 /* Location.swift in Sources */,
				5B9B92E22A97F0C100CD4BE4 /* LocationDetailView.swift in Sources */,
				5B9C4F0C2A962897006BA602 /* LocationsViewModel.swift in Sources */,
			);
			runOnlyForDeploymentPostprocessing = 0;
		};
/* End PBXSourcesBuildPhase section */

/* Begin XCBuildConfiguration section */
		5B9C4EFC2A9624F2006BA602 /* Debug */ = {
			isa = XCBuildConfiguration;
			buildSettings = {
				ALWAYS_SEARCH_USER_PATHS = NO;
				CLANG_ANALYZER_NONNULL = YES;
				CLANG_ANALYZER_NUMBER_OBJECT_CONVERSION = YES_AGGRESSIVE;
				CLANG_CXX_LANGUAGE_STANDARD = "gnu++20";
				CLANG_ENABLE_MODULES = YES;
				CLANG_ENABLE_OBJC_ARC = YES;
				CLANG_ENABLE_OBJC_WEAK = YES;
				CLANG_WARN_BLOCK_CAPTURE_AUTORELEASING = YES;
				CLANG_WARN_BOOL_CONVERSION = YES;
				CLANG_WARN_COMMA = YES;
				CLANG_WARN_CONSTANT_CONVERSION = YES;
				CLANG_WARN_DEPRECATED_OBJC_IMPLEMENTATIONS = YES;
				CLANG_WARN_DIRECT_OBJC_ISA_USAGE = YES_ERROR;
				CLANG_WARN_DOCUMENTATION_COMMENTS = YES;
				CLANG_WARN_EMPTY_BODY = YES;
				CLANG_WARN_ENUM_CONVERSION = YES;
				CLANG_WARN_INFINITE_RECURSION = YES;
				CLANG_WARN_INT_CONVERSION = YES;
				CLANG_WARN_NON_LITERAL_NULL_CONVERSION = YES;
				CLANG_WARN_OBJC_IMPLICIT_RETAIN_SELF = YES;
				CLANG_WARN_OBJC_LITERAL_CONVERSION = YES;
				CLANG_WARN_OBJC_ROOT_CLASS = YES_ERROR;
				CLANG_WARN_QUOTED_INCLUDE_IN_FRAMEWORK_HEADER = YES;
				CLANG_WARN_RANGE_LOOP_ANALYSIS = YES;
				CLANG_WARN_STRICT_PROTOTYPES = YES;
				CLANG_WARN_SUSPICIOUS_MOVE = YES;
				CLANG_WARN_UNGUARDED_AVAILABILITY = YES_AGGRESSIVE;
				CLANG_WARN_UNREACHABLE_CODE = YES;
				CLANG_WARN__DUPLICATE_METHOD_MATCH = YES;
				COPY_PHASE_STRIP = NO;
				DEBUG_INFORMATION_FORMAT = dwarf;
				ENABLE_STRICT_OBJC_MSGSEND = YES;
				ENABLE_TESTABILITY = YES;
				GCC_C_LANGUAGE_STANDARD = gnu11;
				GCC_DYNAMIC_NO_PIC = NO;
				GCC_NO_COMMON_BLOCKS = YES;
				GCC_OPTIMIZATION_LEVEL = 0;
				GCC_PREPROCESSOR_DEFINITIONS = (
					"DEBUG=1",
					"$(inherited)",
				);
				GCC_WARN_64_TO_32_BIT_CONVERSION = YES;
				GCC_WARN_ABOUT_RETURN_TYPE = YES_ERROR;
				GCC_WARN_UNDECLARED_SELECTOR = YES;
				GCC_WARN_UNINITIALIZED_AUTOS = YES_AGGRESSIVE;
				GCC_WARN_UNUSED_FUNCTION = YES;
				GCC_WARN_UNUSED_VARIABLE = YES;
				IPHONEOS_DEPLOYMENT_TARGET = 16.2;
				MTL_ENABLE_DEBUG_INFO = INCLUDE_SOURCE;
				MTL_FAST_MATH = YES;
				ONLY_ACTIVE_ARCH = YES;
				SDKROOT = iphoneos;
				SWIFT_ACTIVE_COMPILATION_CONDITIONS = DEBUG;
				SWIFT_OPTIMIZATION_LEVEL = "-Onone";
			};
			name = Debug;
		};
		5B9C4EFD2A9624F2006BA602 /* Release */ = {
			isa = XCBuildConfiguration;
			buildSettings = {
				ALWAYS_SEARCH_USER_PATHS = NO;
				CLANG_ANALYZER_NONNULL = YES;
				CLANG_ANALYZER_NUMBER_OBJECT_CONVERSION = YES_AGGRESSIVE;
				CLANG_CXX_LANGUAGE_STANDARD = "gnu++20";
				CLANG_ENABLE_MODULES = YES;
				CLANG_ENABLE_OBJC_ARC = YES;
				CLANG_ENABLE_OBJC_WEAK = YES;
				CLANG_WARN_BLOCK_CAPTURE_AUTORELEASING = YES;
				CLANG_WARN_BOOL_CONVERSION = YES;
				CLANG_WARN_COMMA = YES;
				CLANG_WARN_CONSTANT_CONVERSION = YES;
				CLANG_WARN_DEPRECATED_OBJC_IMPLEMENTATIONS = YES;
				CLANG_WARN_DIRECT_OBJC_ISA_USAGE = YES_ERROR;
				CLANG_WARN_DOCUMENTATION_COMMENTS = YES;
				CLANG_WARN_EMPTY_BODY = YES;
				CLANG_WARN_ENUM_CONVERSION = YES;
				CLANG_WARN_INFINITE_RECURSION = YES;
				CLANG_WARN_INT_CONVERSION = YES;
				CLANG_WARN_NON_LITERAL_NULL_CONVERSION = YES;
				CLANG_WARN_OBJC_IMPLICIT_RETAIN_SELF = YES;
				CLANG_WARN_OBJC_LITERAL_CONVERSION = YES;
				CLANG_WARN_OBJC_ROOT_CLASS = YES_ERROR;
				CLANG_WARN_QUOTED_INCLUDE_IN_FRAMEWORK_HEADER = YES;
				CLANG_WARN_RANGE_LOOP_ANALYSIS = YES;
				CLANG_WARN_STRICT_PROTOTYPES = YES;
				CLANG_WARN_SUSPICIOUS_MOVE = YES;
				CLANG_WARN_UNGUARDED_AVAILABILITY = YES_AGGRESSIVE;
				CLANG_WARN_UNREACHABLE_CODE = YES;
				CLANG_WARN__DUPLICATE_METHOD_MATCH = YES;
				COPY_PHASE_STRIP = NO;
				DEBUG_INFORMATION_FORMAT = "dwarf-with-dsym";
				ENABLE_NS_ASSERTIONS = NO;
				ENABLE_STRICT_OBJC_MSGSEND = YES;
				GCC_C_LANGUAGE_STANDARD = gnu11;
				GCC_NO_COMMON_BLOCKS = YES;
				GCC_WARN_64_TO_32_BIT_CONVERSION = YES;
				GCC_WARN_ABOUT_RETURN_TYPE = YES_ERROR;
				GCC_WARN_UNDECLARED_SELECTOR = YES;
				GCC_WARN_UNINITIALIZED_AUTOS = YES_AGGRESSIVE;
				GCC_WARN_UNUSED_FUNCTION = YES;
				GCC_WARN_UNUSED_VARIABLE = YES;
				IPHONEOS_DEPLOYMENT_TARGET = 16.2;
				MTL_ENABLE_DEBUG_INFO = NO;
				MTL_FAST_MATH = YES;
				SDKROOT = iphoneos;
				SWIFT_COMPILATION_MODE = wholemodule;
				SWIFT_OPTIMIZATION_LEVEL = "-O";
				VALIDATE_PRODUCT = YES;
			};
			name = Release;
		};
		5B9C4EFF2A9624F2006BA602 /* Debug */ = {
			isa = XCBuildConfiguration;
			buildSettings = {
				ASSETCATALOG_COMPILER_APPICON_NAME = AppIcon;
				ASSETCATALOG_COMPILER_GLOBAL_ACCENT_COLOR_NAME = AccentColor;
				CODE_SIGN_STYLE = Automatic;
				CURRENT_PROJECT_VERSION = 1;
				DEVELOPMENT_ASSET_PATHS = "\"SwiftuiMapApp/Preview Content\"";
				DEVELOPMENT_TEAM = MJY5FC9P2R;
				ENABLE_PREVIEWS = YES;
				GENERATE_INFOPLIST_FILE = YES;
				INFOPLIST_FILE = SwiftuiMapApp/Info.plist;
				INFOPLIST_KEY_CFBundleDisplayName = "My Locations";
				INFOPLIST_KEY_UIApplicationSceneManifest_Generation = YES;
				INFOPLIST_KEY_UIApplicationSupportsIndirectInputEvents = YES;
				INFOPLIST_KEY_UISupportedInterfaceOrientations_iPad = "UIInterfaceOrientationPortrait UIInterfaceOrientationPortraitUpsideDown UIInterfaceOrientationLandscapeLeft UIInterfaceOrientationLandscapeRight";
				INFOPLIST_KEY_UISupportedInterfaceOrientations_iPhone = "UIInterfaceOrientationPortrait UIInterfaceOrientationLandscapeLeft UIInterfaceOrientationLandscapeRight";
				LD_RUNPATH_SEARCH_PATHS = (
					"$(inherited)",
					"@executable_path/Frameworks",
				);
				MARKETING_VERSION = 1.0;
				PRODUCT_BUNDLE_IDENTIFIER = mehdi.SwiftuiMapApp;
				PRODUCT_NAME = "$(TARGET_NAME)";
				SWIFT_EMIT_LOC_STRINGS = YES;
				SWIFT_VERSION = 5.0;
				TARGETED_DEVICE_FAMILY = "1,2";
			};
			name = Debug;
		};
		5B9C4F002A9624F2006BA602 /* Release */ = {
			isa = XCBuildConfiguration;
			buildSettings = {
				ASSETCATALOG_COMPILER_APPICON_NAME = AppIcon;
				ASSETCATALOG_COMPILER_GLOBAL_ACCENT_COLOR_NAME = AccentColor;
				CODE_SIGN_STYLE = Automatic;
				CURRENT_PROJECT_VERSION = 1;
				DEVELOPMENT_ASSET_PATHS = "\"SwiftuiMapApp/Preview Content\"";
				DEVELOPMENT_TEAM = MJY5FC9P2R;
				ENABLE_PREVIEWS = YES;
				GENERATE_INFOPLIST_FILE = YES;
				INFOPLIST_FILE = SwiftuiMapApp/Info.plist;
				INFOPLIST_KEY_CFBundleDisplayName = "My Locations";
				INFOPLIST_KEY_UIApplicationSceneManifest_Generation = YES;
				INFOPLIST_KEY_UIApplicationSupportsIndirectInputEvents = YES;
				INFOPLIST_KEY_UISupportedInterfaceOrientations_iPad = "UIInterfaceOrientationPortrait UIInterfaceOrientationPortraitUpsideDown UIInterfaceOrientationLandscapeLeft UIInterfaceOrientationLandscapeRight";
				INFOPLIST_KEY_UISupportedInterfaceOrientations_iPhone = "UIInterfaceOrientationPortrait UIInterfaceOrientationLandscapeLeft UIInterfaceOrientationLandscapeRight";
				LD_RUNPATH_SEARCH_PATHS = (
					"$(inherited)",
					"@executable_path/Frameworks",
				);
				MARKETING_VERSION = 1.0;
				PRODUCT_BUNDLE_IDENTIFIER = mehdi.SwiftuiMapApp;
				PRODUCT_NAME = "$(TARGET_NAME)";
				SWIFT_EMIT_LOC_STRINGS = YES;
				SWIFT_VERSION = 5.0;
				TARGETED_DEVICE_FAMILY = "1,2";
			};
			name = Release;
		};
/* End XCBuildConfiguration section */

/* Begin XCConfigurationList section */
		5B9C4EEB2A9624F0006BA602 /* Build configuration list for PBXProject "SwiftuiMapApp" */ = {
			isa = XCConfigurationList;
			buildConfigurations = (
				5B9C4EFC2A9624F2006BA602 /* Debug */,
				5B9C4EFD2A9624F2006BA602 /* Release */,
			);
			defaultConfigurationIsVisible = 0;
			defaultConfigurationName = Release;
		};
		5B9C4EFE2A9624F2006BA602 /* Build configuration list for PBXNativeTarget "SwiftuiMapApp" */ = {
			isa = XCConfigurationList;
			buildConfigurations = (
				5B9C4EFF2A9624F2006BA602 /* Debug */,
				5B9C4F002A9624F2006BA602 /* Release */,
			);
			defaultConfigurationIsVisible = 0;
			defaultConfigurationName = Release;
		};
/* End XCConfigurationList section */
	};
	rootObject = 5B9C4EE82A9624F0006BA602 /* Project object */;
}
